
Microsoft Visual Studio Solution File, Format Version 12.00
Project("{FAE04EC0-301F-11D3-BF4B-00C04F79EFBC}") = "MarkingService", "MarkingService\MarkingService.csproj", "{5C333853-E5D4-4936-AA85-A12FC330C3DD}"
EndProject
Global
	GlobalSection(SolutionConfigurationPlatforms) = preSolution
		Debug|Any CPU = Debug|Any CPU
		Release|Any CPU = Release|Any CPU
	EndGlobalSection
	GlobalSection(ProjectConfigurationPlatforms) = postSolution
		{5C333853-E5D4-4936-AA85-A12FC330C3DD}.Debug|Any CPU.ActiveCfg = Debug|Any CPU
		{5C333853-E5D4-4936-AA85-A12FC330C3DD}.Debug|Any CPU.Build.0 = Debug|Any CPU
		{5C333853-E5D4-4936-AA85-A12FC330C3DD}.Release|Any CPU.ActiveCfg = Release|Any CPU
		{5C333853-E5D4-4936-AA85-A12FC330C3DD}.Release|Any CPU.Build.0 = Release|Any CPU
	EndGlobalSection
EndGlobal
